
Microsoft Visual Studio Solution File, Format Version 12.00
# Visual Studio Version 17
VisualStudioVersion = 17.5.33530.505
MinimumVisualStudioVersion = 10.0.40219.1
Project("{FAE04EC0-301F-11D3-BF4B-00C04F79EFBC}") = "ex09", "ex09\ex09.csproj", "{FDA8B92E-643C-419A-903C-748CE3C237EB}"
EndProject
Global
	GlobalSection(SolutionConfigurationPlatforms) = preSolution
		Debug|Any CPU = Debug|Any CPU
		Release|Any CPU = Release|Any CPU
	EndGlobalSection
	GlobalSection(ProjectConfigurationPlatforms) = postSolution
		{FDA8B92E-643C-419A-903C-748CE3C237EB}.Debug|Any CPU.ActiveCfg = Debug|Any CPU
		{FDA8B92E-643C-419A-903C-748CE3C237EB}.Debug|Any CPU.Build.0 = Debug|Any CPU
		{FDA8B92E-643C-419A-903C-748CE3C237EB}.Release|Any CPU.ActiveCfg = Release|Any CPU
		{FDA8B92E-643C-419A-903C-748CE3C237EB}.Release|Any CPU.Build.0 = Release|Any CPU
	EndGlobalSection
	GlobalSection(SolutionProperties) = preSolution
		HideSolutionNode = FALSE
	EndGlobalSection
	GlobalSection(ExtensibilityGlobals) = postSolution
		SolutionGuid = {2931D52B-B13B-4084-A278-391F39485FB7}
	EndGlobalSection
EndGlobal
