
Microsoft Visual Studio Solution File, Format Version 12.00
# Visual Studio Version 17
VisualStudioVersion = 17.5.33530.505
MinimumVisualStudioVersion = 10.0.40219.1
Project("{FAE04EC0-301F-11D3-BF4B-00C04F79EFBC}") = "ex10", "ex10\ex10.csproj", "{DB148E2F-55D0-4625-A624-B60E3ED4973F}"
EndProject
Global
	GlobalSection(SolutionConfigurationPlatforms) = preSolution
		Debug|Any CPU = Debug|Any CPU
		Release|Any CPU = Release|Any CPU
	EndGlobalSection
	GlobalSection(ProjectConfigurationPlatforms) = postSolution
		{DB148E2F-55D0-4625-A624-B60E3ED4973F}.Debug|Any CPU.ActiveCfg = Debug|Any CPU
		{DB148E2F-55D0-4625-A624-B60E3ED4973F}.Debug|Any CPU.Build.0 = Debug|Any CPU
		{DB148E2F-55D0-4625-A624-B60E3ED4973F}.Release|Any CPU.ActiveCfg = Release|Any CPU
		{DB148E2F-55D0-4625-A624-B60E3ED4973F}.Release|Any CPU.Build.0 = Release|Any CPU
	EndGlobalSection
	GlobalSection(SolutionProperties) = preSolution
		HideSolutionNode = FALSE
	EndGlobalSection
	GlobalSection(ExtensibilityGlobals) = postSolution
		SolutionGuid = {A85175AE-8CBA-4ECA-8BEF-4BEDFB6D0089}
	EndGlobalSection
EndGlobal
