
Microsoft Visual Studio Solution File, Format Version 12.00
# Visual Studio Version 17
VisualStudioVersion = 17.5.33530.505
MinimumVisualStudioVersion = 10.0.40219.1
Project("{FAE04EC0-301F-11D3-BF4B-00C04F79EFBC}") = "ex14", "ex14\ex14.csproj", "{B1E3683B-E8D1-4739-85DB-95C72F08057E}"
EndProject
Global
	GlobalSection(SolutionConfigurationPlatforms) = preSolution
		Debug|Any CPU = Debug|Any CPU
		Release|Any CPU = Release|Any CPU
	EndGlobalSection
	GlobalSection(ProjectConfigurationPlatforms) = postSolution
		{B1E3683B-E8D1-4739-85DB-95C72F08057E}.Debug|Any CPU.ActiveCfg = Debug|Any CPU
		{B1E3683B-E8D1-4739-85DB-95C72F08057E}.Debug|Any CPU.Build.0 = Debug|Any CPU
		{B1E3683B-E8D1-4739-85DB-95C72F08057E}.Release|Any CPU.ActiveCfg = Release|Any CPU
		{B1E3683B-E8D1-4739-85DB-95C72F08057E}.Release|Any CPU.Build.0 = Release|Any CPU
	EndGlobalSection
	GlobalSection(SolutionProperties) = preSolution
		HideSolutionNode = FALSE
	EndGlobalSection
	GlobalSection(ExtensibilityGlobals) = postSolution
		SolutionGuid = {C6C897EC-9DCB-4AEE-9232-681722AD586E}
	EndGlobalSection
EndGlobal
