
Microsoft Visual Studio Solution File, Format Version 12.00
# Visual Studio Version 17
VisualStudioVersion = 17.5.33530.505
MinimumVisualStudioVersion = 10.0.40219.1
Project("{FAE04EC0-301F-11D3-BF4B-00C04F79EFBC}") = "ex08", "ex08\ex08.csproj", "{22E5848C-32BC-40A8-A96E-9EBCEF654E9D}"
EndProject
Global
	GlobalSection(SolutionConfigurationPlatforms) = preSolution
		Debug|Any CPU = Debug|Any CPU
		Release|Any CPU = Release|Any CPU
	EndGlobalSection
	GlobalSection(ProjectConfigurationPlatforms) = postSolution
		{22E5848C-32BC-40A8-A96E-9EBCEF654E9D}.Debug|Any CPU.ActiveCfg = Debug|Any CPU
		{22E5848C-32BC-40A8-A96E-9EBCEF654E9D}.Debug|Any CPU.Build.0 = Debug|Any CPU
		{22E5848C-32BC-40A8-A96E-9EBCEF654E9D}.Release|Any CPU.ActiveCfg = Release|Any CPU
		{22E5848C-32BC-40A8-A96E-9EBCEF654E9D}.Release|Any CPU.Build.0 = Release|Any CPU
	EndGlobalSection
	GlobalSection(SolutionProperties) = preSolution
		HideSolutionNode = FALSE
	EndGlobalSection
	GlobalSection(ExtensibilityGlobals) = postSolution
		SolutionGuid = {775E63BC-DBC8-45F9-A34F-A80A89B5F328}
	EndGlobalSection
EndGlobal
