
Microsoft Visual Studio Solution File, Format Version 12.00
# Visual Studio Version 17
VisualStudioVersion = 17.5.33530.505
MinimumVisualStudioVersion = 10.0.40219.1
Project("{FAE04EC0-301F-11D3-BF4B-00C04F79EFBC}") = "ex06", "ex06\ex06.csproj", "{9E95EC51-85A2-4C3D-98D1-2E394FB52E23}"
EndProject
Global
	GlobalSection(SolutionConfigurationPlatforms) = preSolution
		Debug|Any CPU = Debug|Any CPU
		Release|Any CPU = Release|Any CPU
	EndGlobalSection
	GlobalSection(ProjectConfigurationPlatforms) = postSolution
		{9E95EC51-85A2-4C3D-98D1-2E394FB52E23}.Debug|Any CPU.ActiveCfg = Debug|Any CPU
		{9E95EC51-85A2-4C3D-98D1-2E394FB52E23}.Debug|Any CPU.Build.0 = Debug|Any CPU
		{9E95EC51-85A2-4C3D-98D1-2E394FB52E23}.Release|Any CPU.ActiveCfg = Release|Any CPU
		{9E95EC51-85A2-4C3D-98D1-2E394FB52E23}.Release|Any CPU.Build.0 = Release|Any CPU
	EndGlobalSection
	GlobalSection(SolutionProperties) = preSolution
		HideSolutionNode = FALSE
	EndGlobalSection
	GlobalSection(ExtensibilityGlobals) = postSolution
		SolutionGuid = {D021516A-8750-4874-846D-695B99AB032A}
	EndGlobalSection
EndGlobal
