
Microsoft Visual Studio Solution File, Format Version 12.00
# Visual Studio Version 17
VisualStudioVersion = 17.5.33530.505
MinimumVisualStudioVersion = 10.0.40219.1
Project("{FAE04EC0-301F-11D3-BF4B-00C04F79EFBC}") = "ex02", "ex02\ex02.csproj", "{16F699FB-D026-4030-95C3-6A7101333FEB}"
EndProject
Global
	GlobalSection(SolutionConfigurationPlatforms) = preSolution
		Debug|Any CPU = Debug|Any CPU
		Release|Any CPU = Release|Any CPU
	EndGlobalSection
	GlobalSection(ProjectConfigurationPlatforms) = postSolution
		{16F699FB-D026-4030-95C3-6A7101333FEB}.Debug|Any CPU.ActiveCfg = Debug|Any CPU
		{16F699FB-D026-4030-95C3-6A7101333FEB}.Debug|Any CPU.Build.0 = Debug|Any CPU
		{16F699FB-D026-4030-95C3-6A7101333FEB}.Release|Any CPU.ActiveCfg = Release|Any CPU
		{16F699FB-D026-4030-95C3-6A7101333FEB}.Release|Any CPU.Build.0 = Release|Any CPU
	EndGlobalSection
	GlobalSection(SolutionProperties) = preSolution
		HideSolutionNode = FALSE
	EndGlobalSection
	GlobalSection(ExtensibilityGlobals) = postSolution
		SolutionGuid = {41BD060E-AF89-470A-88C3-C079C7EAED5D}
	EndGlobalSection
EndGlobal
